
Microsoft Visual Studio Solution File, Format Version 12.00
# Visual Studio 15
VisualStudioVersion = 15.0.27703.2026
MinimumVisualStudioVersion = 10.0.40219.1
Project("{FAE04EC0-301F-11D3-BF4B-00C04F79EFBC}") = "ChAgent", "ChAgent\ChAgent.csproj", "{AD87FAAB-0DD5-4EA4-B5FC-7376505EF334}"
EndProject
Project("{FAE04EC0-301F-11D3-BF4B-00C04F79EFBC}") = "ChProxy", "ChProxy\ChProxy.csproj", "{AF1A84E7-F18B-43C1-9B4C-C4DC3C3674AE}"
EndProject
Global
	GlobalSection(SolutionConfigurationPlatforms) = preSolution
		Debug|Any CPU = Debug|Any CPU
		Release|Any CPU = Release|Any CPU
	EndGlobalSection
	GlobalSection(ProjectConfigurationPlatforms) = postSolution
		{AD87FAAB-0DD5-4EA4-B5FC-7376505EF334}.Debug|Any CPU.ActiveCfg = Debug|Any CPU
		{AD87FAAB-0DD5-4EA4-B5FC-7376505EF334}.Debug|Any CPU.Build.0 = Debug|Any CPU
		{AD87FAAB-0DD5-4EA4-B5FC-7376505EF334}.Release|Any CPU.ActiveCfg = Release|Any CPU
		{AD87FAAB-0DD5-4EA4-B5FC-7376505EF334}.Release|Any CPU.Build.0 = Release|Any CPU
		{AF1A84E7-F18B-43C1-9B4C-C4DC3C3674AE}.Debug|Any CPU.ActiveCfg = Debug|Any CPU
		{AF1A84E7-F18B-43C1-9B4C-C4DC3C3674AE}.Debug|Any CPU.Build.0 = Debug|Any CPU
		{AF1A84E7-F18B-43C1-9B4C-C4DC3C3674AE}.Release|Any CPU.ActiveCfg = Release|Any CPU
		{AF1A84E7-F18B-43C1-9B4C-C4DC3C3674AE}.Release|Any CPU.Build.0 = Release|Any CPU
	EndGlobalSection
	GlobalSection(SolutionProperties) = preSolution
		HideSolutionNode = FALSE
	EndGlobalSection
	GlobalSection(ExtensibilityGlobals) = postSolution
		SolutionGuid = {B0ABD8BA-EAA6-42B6-B06A-D27E62764581}
	EndGlobalSection
EndGlobal
